
Microsoft Visual Studio Solution File, Format Version 11.00
# Visual Studio 2010
Project("{2150E333-8FDC-42A3-9474-1A3956D46DE8}") = "Sharplike", "Sharplike", "{7C84DA36-0858-4D60-A06A-2AC48EF09BDA}"
EndProject
Project("{2150E333-8FDC-42A3-9474-1A3956D46DE8}") = "_", "_", "{400A5620-39EB-4EB7-8BD1-7C49FA137529}"
EndProject
Project("{2150E333-8FDC-42A3-9474-1A3956D46DE8}") = "Licenses", "Licenses", "{0485452D-EB80-405A-B3F1-BCBDDD3F497F}"
	ProjectSection(SolutionItems) = preProject
		Sharplike License.txt = Sharplike License.txt
	EndProjectSection
EndProject
Project("{2150E333-8FDC-42A3-9474-1A3956D46DE8}") = "Tests", "Tests", "{277E658F-1389-4849-8C4E-E5A782BC057D}"
EndProject
Project("{2150E333-8FDC-42A3-9474-1A3956D46DE8}") = "Code", "Code", "{2B546403-BA40-4A9F-9EB5-A997567B0AFC}"
EndProject
Project("{2150E333-8FDC-42A3-9474-1A3956D46DE8}") = "Demos", "Demos", "{1096F6F9-E6D7-4CC9-9A3B-30DE06EACF00}"
EndProject
Project("{FAE04EC0-301F-11D3-BF4B-00C04F79EFBC}") = "Sharplike.Tests.Sandbox", "Sharplike.Tests.Sandbox\Sharplike.Tests.Sandbox.csproj", "{7F6F9760-D6A9-4143-83AE-CDCAEEF55572}"
EndProject
Project("{FAE04EC0-301F-11D3-BF4B-00C04F79EFBC}") = "Sharplike.Frontend.TK", "Sharplike.Frontend.TK\Sharplike.Frontend.TK.csproj", "{2B82557B-4746-4260-BB15-6374016D4D1C}"
EndProject
Project("{FAE04EC0-301F-11D3-BF4B-00C04F79EFBC}") = "Sharplike.Tests.TKTest", "Sharplike.Tests.TKTest\Sharplike.Tests.TKTest.csproj", "{09C554BF-CB08-450A-995E-0A68A826FD39}"
EndProject
Project("{FAE04EC0-301F-11D3-BF4B-00C04F79EFBC}") = "Sharplike.Noise", "Sharplike.Noise\Sharplike.Noise.csproj", "{5D289C55-3B4C-417C-9026-47D4E258AC63}"
EndProject
Project("{FAE04EC0-301F-11D3-BF4B-00C04F79EFBC}") = "Sharplike.Audio.TK", "Sharplike.Audio.TK\Sharplike.Audio.TK.csproj", "{EE8B7E44-A14B-4EC2-AD59-8673BF2B4FE4}"
EndProject
Project("{FAE04EC0-301F-11D3-BF4B-00C04F79EFBC}") = "Sharplike.Core", "Sharplike.Core\Sharplike.Core.csproj", "{564891ED-C475-48C7-99F9-F3801C06EB14}"
EndProject
Project("{FAE04EC0-301F-11D3-BF4B-00C04F79EFBC}") = "Sharplike.Mapping", "Sharplike.Mapping\Sharplike.Mapping.csproj", "{B822FFE1-D0E3-401E-9854-EA9135A585F4}"
EndProject
Project("{FAE04EC0-301F-11D3-BF4B-00C04F79EFBC}") = "Sharplike.UI", "Sharplike.UI\Sharplike.UI.csproj", "{A1594427-AD60-4A97-8606-E784D9287043}"
EndProject
Project("{2150E333-8FDC-42A3-9474-1A3956D46DE8}") = "Core", "Core", "{A6C6C420-BCE2-49B1-A943-CED94D38A0ED}"
EndProject
Project("{2150E333-8FDC-42A3-9474-1A3956D46DE8}") = "Plugins", "Plugins", "{1047E356-1C3D-4261-91B3-E404535A7241}"
EndProject
Project("{2150E333-8FDC-42A3-9474-1A3956D46DE8}") = "Extensions", "Extensions", "{90DC14AD-FECB-40AE-B4DC-F0F82728D662}"
EndProject
Project("{2150E333-8FDC-42A3-9474-1A3956D46DE8}") = "Utilities", "Utilities", "{4D8020A4-C050-468C-A9BF-5921C7F51277}"
EndProject
Project("{FAE04EC0-301F-11D3-BF4B-00C04F79EFBC}") = "Sharplike.Storylib", "Sharplike.Storylib\Sharplike.Storylib.csproj", "{DE8DC433-66DF-4ACF-9EB1-B700CEB3CFD5}"
EndProject
Project("{FAE04EC0-301F-11D3-BF4B-00C04F79EFBC}") = "Sharplike.Demos.Sharphack", "Sharplike.Demos.Sharphack\Sharplike.Demos.Sharphack.csproj", "{ACABDBCF-CF9A-4DEC-ACCE-B1BD4E927C37}"
EndProject
Global
	GlobalSection(SolutionConfigurationPlatforms) = preSolution
		Debug|Any CPU = Debug|Any CPU
		Debug|Mixed Platforms = Debug|Mixed Platforms
		Debug|x86 = Debug|x86
		Release|Any CPU = Release|Any CPU
		Release|Mixed Platforms = Release|Mixed Platforms
		Release|x86 = Release|x86
	EndGlobalSection
	GlobalSection(ProjectConfigurationPlatforms) = postSolution
		{7F6F9760-D6A9-4143-83AE-CDCAEEF55572}.Debug|Any CPU.ActiveCfg = Debug|Any CPU
		{7F6F9760-D6A9-4143-83AE-CDCAEEF55572}.Debug|Any CPU.Build.0 = Debug|Any CPU
		{7F6F9760-D6A9-4143-83AE-CDCAEEF55572}.Debug|Mixed Platforms.ActiveCfg = Debug|Any CPU
		{7F6F9760-D6A9-4143-83AE-CDCAEEF55572}.Debug|Mixed Platforms.Build.0 = Debug|Any CPU
		{7F6F9760-D6A9-4143-83AE-CDCAEEF55572}.Debug|x86.ActiveCfg = Debug|Any CPU
		{7F6F9760-D6A9-4143-83AE-CDCAEEF55572}.Release|Any CPU.ActiveCfg = Release|Any CPU
		{7F6F9760-D6A9-4143-83AE-CDCAEEF55572}.Release|Any CPU.Build.0 = Release|Any CPU
		{7F6F9760-D6A9-4143-83AE-CDCAEEF55572}.Release|Mixed Platforms.ActiveCfg = Release|Any CPU
		{7F6F9760-D6A9-4143-83AE-CDCAEEF55572}.Release|Mixed Platforms.Build.0 = Release|Any CPU
		{7F6F9760-D6A9-4143-83AE-CDCAEEF55572}.Release|x86.ActiveCfg = Release|Any CPU
		{2B82557B-4746-4260-BB15-6374016D4D1C}.Debug|Any CPU.ActiveCfg = Debug|Any CPU
		{2B82557B-4746-4260-BB15-6374016D4D1C}.Debug|Any CPU.Build.0 = Debug|Any CPU
		{2B82557B-4746-4260-BB15-6374016D4D1C}.Debug|Mixed Platforms.ActiveCfg = Debug|Any CPU
		{2B82557B-4746-4260-BB15-6374016D4D1C}.Debug|Mixed Platforms.Build.0 = Debug|Any CPU
		{2B82557B-4746-4260-BB15-6374016D4D1C}.Debug|x86.ActiveCfg = Debug|Any CPU
		{2B82557B-4746-4260-BB15-6374016D4D1C}.Release|Any CPU.ActiveCfg = Release|Any CPU
		{2B82557B-4746-4260-BB15-6374016D4D1C}.Release|Any CPU.Build.0 = Release|Any CPU
		{2B82557B-4746-4260-BB15-6374016D4D1C}.Release|Mixed Platforms.ActiveCfg = Release|Any CPU
		{2B82557B-4746-4260-BB15-6374016D4D1C}.Release|Mixed Platforms.Build.0 = Release|Any CPU
		{2B82557B-4746-4260-BB15-6374016D4D1C}.Release|x86.ActiveCfg = Release|Any CPU
		{09C554BF-CB08-450A-995E-0A68A826FD39}.Debug|Any CPU.ActiveCfg = Debug|Any CPU
		{09C554BF-CB08-450A-995E-0A68A826FD39}.Debug|Any CPU.Build.0 = Debug|Any CPU
		{09C554BF-CB08-450A-995E-0A68A826FD39}.Debug|Mixed Platforms.ActiveCfg = Debug|Any CPU
		{09C554BF-CB08-450A-995E-0A68A826FD39}.Debug|Mixed Platforms.Build.0 = Debug|Any CPU
		{09C554BF-CB08-450A-995E-0A68A826FD39}.Debug|x86.ActiveCfg = Debug|x86
		{09C554BF-CB08-450A-995E-0A68A826FD39}.Debug|x86.Build.0 = Debug|x86
		{09C554BF-CB08-450A-995E-0A68A826FD39}.Release|Any CPU.ActiveCfg = Release|Any CPU
		{09C554BF-CB08-450A-995E-0A68A826FD39}.Release|Any CPU.Build.0 = Release|Any CPU
		{09C554BF-CB08-450A-995E-0A68A826FD39}.Release|Mixed Platforms.ActiveCfg = Release|Any CPU
		{09C554BF-CB08-450A-995E-0A68A826FD39}.Release|Mixed Platforms.Build.0 = Release|Any CPU
		{09C554BF-CB08-450A-995E-0A68A826FD39}.Release|x86.ActiveCfg = Release|x86
		{09C554BF-CB08-450A-995E-0A68A826FD39}.Release|x86.Build.0 = Release|x86
		{5D289C55-3B4C-417C-9026-47D4E258AC63}.Debug|Any CPU.ActiveCfg = Debug|Any CPU
		{5D289C55-3B4C-417C-9026-47D4E258AC63}.Debug|Any CPU.Build.0 = Debug|Any CPU
		{5D289C55-3B4C-417C-9026-47D4E258AC63}.Debug|Mixed Platforms.ActiveCfg = Debug|Any CPU
		{5D289C55-3B4C-417C-9026-47D4E258AC63}.Debug|Mixed Platforms.Build.0 = Debug|Any CPU
		{5D289C55-3B4C-417C-9026-47D4E258AC63}.Debug|x86.ActiveCfg = Debug|Any CPU
		{5D289C55-3B4C-417C-9026-47D4E258AC63}.Release|Any CPU.ActiveCfg = Release|Any CPU
		{5D289C55-3B4C-417C-9026-47D4E258AC63}.Release|Any CPU.Build.0 = Release|Any CPU
		{5D289C55-3B4C-417C-9026-47D4E258AC63}.Release|Mixed Platforms.ActiveCfg = Release|Any CPU
		{5D289C55-3B4C-417C-9026-47D4E258AC63}.Release|Mixed Platforms.Build.0 = Release|Any CPU
		{5D289C55-3B4C-417C-9026-47D4E258AC63}.Release|x86.ActiveCfg = Release|Any CPU
		{EE8B7E44-A14B-4EC2-AD59-8673BF2B4FE4}.Debug|Any CPU.ActiveCfg = Debug|Any CPU
		{EE8B7E44-A14B-4EC2-AD59-8673BF2B4FE4}.Debug|Any CPU.Build.0 = Debug|Any CPU
		{EE8B7E44-A14B-4EC2-AD59-8673BF2B4FE4}.Debug|Mixed Platforms.ActiveCfg = Debug|Any CPU
		{EE8B7E44-A14B-4EC2-AD59-8673BF2B4FE4}.Debug|Mixed Platforms.Build.0 = Debug|Any CPU
		{EE8B7E44-A14B-4EC2-AD59-8673BF2B4FE4}.Debug|x86.ActiveCfg = Debug|Any CPU
		{EE8B7E44-A14B-4EC2-AD59-8673BF2B4FE4}.Release|Any CPU.ActiveCfg = Release|Any CPU
		{EE8B7E44-A14B-4EC2-AD59-8673BF2B4FE4}.Release|Any CPU.Build.0 = Release|Any CPU
		{EE8B7E44-A14B-4EC2-AD59-8673BF2B4FE4}.Release|Mixed Platforms.ActiveCfg = Release|Any CPU
		{EE8B7E44-A14B-4EC2-AD59-8673BF2B4FE4}.Release|Mixed Platforms.Build.0 = Release|Any CPU
		{EE8B7E44-A14B-4EC2-AD59-8673BF2B4FE4}.Release|x86.ActiveCfg = Release|Any CPU
		{564891ED-C475-48C7-99F9-F3801C06EB14}.Debug|Any CPU.ActiveCfg = Debug|Any CPU
		{564891ED-C475-48C7-99F9-F3801C06EB14}.Debug|Any CPU.Build.0 = Debug|Any CPU
		{564891ED-C475-48C7-99F9-F3801C06EB14}.Debug|Mixed Platforms.ActiveCfg = Debug|Any CPU
		{564891ED-C475-48C7-99F9-F3801C06EB14}.Debug|Mixed Platforms.Build.0 = Debug|Any CPU
		{564891ED-C475-48C7-99F9-F3801C06EB14}.Debug|x86.ActiveCfg = Debug|Any CPU
		{564891ED-C475-48C7-99F9-F3801C06EB14}.Release|Any CPU.ActiveCfg = Release|Any CPU
		{564891ED-C475-48C7-99F9-F3801C06EB14}.Release|Any CPU.Build.0 = Release|Any CPU
		{564891ED-C475-48C7-99F9-F3801C06EB14}.Release|Mixed Platforms.ActiveCfg = Release|Any CPU
		{564891ED-C475-48C7-99F9-F3801C06EB14}.Release|Mixed Platforms.Build.0 = Release|Any CPU
		{564891ED-C475-48C7-99F9-F3801C06EB14}.Release|x86.ActiveCfg = Release|Any CPU
		{B822FFE1-D0E3-401E-9854-EA9135A585F4}.Debug|Any CPU.ActiveCfg = Debug|Any CPU
		{B822FFE1-D0E3-401E-9854-EA9135A585F4}.Debug|Any CPU.Build.0 = Debug|Any CPU
		{B822FFE1-D0E3-401E-9854-EA9135A585F4}.Debug|Mixed Platforms.ActiveCfg = Debug|Any CPU
		{B822FFE1-D0E3-401E-9854-EA9135A585F4}.Debug|Mixed Platforms.Build.0 = Debug|Any CPU
		{B822FFE1-D0E3-401E-9854-EA9135A585F4}.Debug|x86.ActiveCfg = Debug|Any CPU
		{B822FFE1-D0E3-401E-9854-EA9135A585F4}.Release|Any CPU.ActiveCfg = Release|Any CPU
		{B822FFE1-D0E3-401E-9854-EA9135A585F4}.Release|Any CPU.Build.0 = Release|Any CPU
		{B822FFE1-D0E3-401E-9854-EA9135A585F4}.Release|Mixed Platforms.ActiveCfg = Release|Any CPU
		{B822FFE1-D0E3-401E-9854-EA9135A585F4}.Release|Mixed Platforms.Build.0 = Release|Any CPU
		{B822FFE1-D0E3-401E-9854-EA9135A585F4}.Release|x86.ActiveCfg = Release|Any CPU
		{A1594427-AD60-4A97-8606-E784D9287043}.Debug|Any CPU.ActiveCfg = Debug|Any CPU
		{A1594427-AD60-4A97-8606-E784D9287043}.Debug|Any CPU.Build.0 = Debug|Any CPU
		{A1594427-AD60-4A97-8606-E784D9287043}.Debug|Mixed Platforms.ActiveCfg = Debug|Any CPU
		{A1594427-AD60-4A97-8606-E784D9287043}.Debug|Mixed Platforms.Build.0 = Debug|Any CPU
		{A1594427-AD60-4A97-8606-E784D9287043}.Debug|x86.ActiveCfg = Debug|Any CPU
		{A1594427-AD60-4A97-8606-E784D9287043}.Release|Any CPU.ActiveCfg = Release|Any CPU
		{A1594427-AD60-4A97-8606-E784D9287043}.Release|Any CPU.Build.0 = Release|Any CPU
		{A1594427-AD60-4A97-8606-E784D9287043}.Release|Mixed Platforms.ActiveCfg = Release|Any CPU
		{A1594427-AD60-4A97-8606-E784D9287043}.Release|Mixed Platforms.Build.0 = Release|Any CPU
		{A1594427-AD60-4A97-8606-E784D9287043}.Release|x86.ActiveCfg = Release|Any CPU
		{DE8DC433-66DF-4ACF-9EB1-B700CEB3CFD5}.Debug|Any CPU.ActiveCfg = Debug|Any CPU
		{DE8DC433-66DF-4ACF-9EB1-B700CEB3CFD5}.Debug|Any CPU.Build.0 = Debug|Any CPU
		{DE8DC433-66DF-4ACF-9EB1-B700CEB3CFD5}.Debug|Mixed Platforms.ActiveCfg = Debug|Any CPU
		{DE8DC433-66DF-4ACF-9EB1-B700CEB3CFD5}.Debug|Mixed Platforms.Build.0 = Debug|Any CPU
		{DE8DC433-66DF-4ACF-9EB1-B700CEB3CFD5}.Debug|x86.ActiveCfg = Debug|Any CPU
		{DE8DC433-66DF-4ACF-9EB1-B700CEB3CFD5}.Release|Any CPU.ActiveCfg = Release|Any CPU
		{DE8DC433-66DF-4ACF-9EB1-B700CEB3CFD5}.Release|Any CPU.Build.0 = Release|Any CPU
		{DE8DC433-66DF-4ACF-9EB1-B700CEB3CFD5}.Release|Mixed Platforms.ActiveCfg = Release|Any CPU
		{DE8DC433-66DF-4ACF-9EB1-B700CEB3CFD5}.Release|Mixed Platforms.Build.0 = Release|Any CPU
		{DE8DC433-66DF-4ACF-9EB1-B700CEB3CFD5}.Release|x86.ActiveCfg = Release|Any CPU
		{ACABDBCF-CF9A-4DEC-ACCE-B1BD4E927C37}.Debug|Any CPU.ActiveCfg = Debug|x86
		{ACABDBCF-CF9A-4DEC-ACCE-B1BD4E927C37}.Debug|Mixed Platforms.ActiveCfg = Debug|x86
		{ACABDBCF-CF9A-4DEC-ACCE-B1BD4E927C37}.Debug|Mixed Platforms.Build.0 = Debug|x86
		{ACABDBCF-CF9A-4DEC-ACCE-B1BD4E927C37}.Debug|x86.ActiveCfg = Debug|x86
		{ACABDBCF-CF9A-4DEC-ACCE-B1BD4E927C37}.Debug|x86.Build.0 = Debug|x86
		{ACABDBCF-CF9A-4DEC-ACCE-B1BD4E927C37}.Release|Any CPU.ActiveCfg = Release|x86
		{ACABDBCF-CF9A-4DEC-ACCE-B1BD4E927C37}.Release|Mixed Platforms.ActiveCfg = Release|x86
		{ACABDBCF-CF9A-4DEC-ACCE-B1BD4E927C37}.Release|Mixed Platforms.Build.0 = Release|x86
		{ACABDBCF-CF9A-4DEC-ACCE-B1BD4E927C37}.Release|x86.ActiveCfg = Release|x86
		{ACABDBCF-CF9A-4DEC-ACCE-B1BD4E927C37}.Release|x86.Build.0 = Release|x86
	EndGlobalSection
	GlobalSection(SolutionProperties) = preSolution
		HideSolutionNode = FALSE
	EndGlobalSection
	GlobalSection(NestedProjects) = preSolution
		{277E658F-1389-4849-8C4E-E5A782BC057D} = {7C84DA36-0858-4D60-A06A-2AC48EF09BDA}
		{2B546403-BA40-4A9F-9EB5-A997567B0AFC} = {7C84DA36-0858-4D60-A06A-2AC48EF09BDA}
		{1096F6F9-E6D7-4CC9-9A3B-30DE06EACF00} = {7C84DA36-0858-4D60-A06A-2AC48EF09BDA}
		{0485452D-EB80-405A-B3F1-BCBDDD3F497F} = {400A5620-39EB-4EB7-8BD1-7C49FA137529}
		{7F6F9760-D6A9-4143-83AE-CDCAEEF55572} = {277E658F-1389-4849-8C4E-E5A782BC057D}
		{09C554BF-CB08-450A-995E-0A68A826FD39} = {277E658F-1389-4849-8C4E-E5A782BC057D}
		{1047E356-1C3D-4261-91B3-E404535A7241} = {2B546403-BA40-4A9F-9EB5-A997567B0AFC}
		{4D8020A4-C050-468C-A9BF-5921C7F51277} = {2B546403-BA40-4A9F-9EB5-A997567B0AFC}
		{A6C6C420-BCE2-49B1-A943-CED94D38A0ED} = {2B546403-BA40-4A9F-9EB5-A997567B0AFC}
		{90DC14AD-FECB-40AE-B4DC-F0F82728D662} = {2B546403-BA40-4A9F-9EB5-A997567B0AFC}
		{ACABDBCF-CF9A-4DEC-ACCE-B1BD4E927C37} = {1096F6F9-E6D7-4CC9-9A3B-30DE06EACF00}
		{EE8B7E44-A14B-4EC2-AD59-8673BF2B4FE4} = {1047E356-1C3D-4261-91B3-E404535A7241}
		{2B82557B-4746-4260-BB15-6374016D4D1C} = {1047E356-1C3D-4261-91B3-E404535A7241}
		{5D289C55-3B4C-417C-9026-47D4E258AC63} = {4D8020A4-C050-468C-A9BF-5921C7F51277}
		{DE8DC433-66DF-4ACF-9EB1-B700CEB3CFD5} = {4D8020A4-C050-468C-A9BF-5921C7F51277}
		{564891ED-C475-48C7-99F9-F3801C06EB14} = {A6C6C420-BCE2-49B1-A943-CED94D38A0ED}
		{A1594427-AD60-4A97-8606-E784D9287043} = {90DC14AD-FECB-40AE-B4DC-F0F82728D662}
		{B822FFE1-D0E3-401E-9854-EA9135A585F4} = {90DC14AD-FECB-40AE-B4DC-F0F82728D662}
	EndGlobalSection
EndGlobal
